
Microsoft Visual Studio Solution File, Format Version 12.00
# Visual Studio Version 17
VisualStudioVersion = 17.0.31903.59
MinimumVisualStudioVersion = 10.0.40219.1
Project("{2150E333-8FDC-42A3-9474-1A3956D46DE8}") = "src", "src", "{827E0CD3-B72D-47B6-A68D-7590B98EB39B}"
EndProject
Project("{FAE04EC0-301F-11D3-BF4B-00C04F79EFBC}") = "BookStore.Domain", "src\BookStore.Domain\BookStore.Domain.csproj", "{DFC21769-0DE1-42E9-8E9A-91489309BDE9}"
EndProject
Project("{FAE04EC0-301F-11D3-BF4B-00C04F79EFBC}") = "BookStore.Application", "src\BookStore.Application\BookStore.Application.csproj", "{C0BBBACD-0F9F-43A5-8387-283912AF637A}"
EndProject
Project("{FAE04EC0-301F-11D3-BF4B-00C04F79EFBC}") = "BookStore.Infrastructure", "src\BookStore.Infrastructure\BookStore.Infrastructure.csproj", "{FA3FDC83-EB88-4274-A437-8F131688EA93}"
EndProject
Project("{FAE04EC0-301F-11D3-BF4B-00C04F79EFBC}") = "BookStore.API", "src\BookStore.API\BookStore.API.csproj", "{623C31EE-7584-4F81-8688-2AF140114775}"
EndProject
Project("{2150E333-8FDC-42A3-9474-1A3956D46DE8}") = "tests", "tests", "{0AB3BF05-4346-4AA6-1389-037BE0695223}"
EndProject
Project("{FAE04EC0-301F-11D3-BF4B-00C04F79EFBC}") = "BookStore.UnitTests", "tests\BookStore.UnitTests\BookStore.UnitTests.csproj", "{9227D564-C10C-44D4-BD28-B8159F2F577E}"
EndProject
Project("{FAE04EC0-301F-11D3-BF4B-00C04F79EFBC}") = "BookStore.IntegrationTests", "tests\BookStore.IntegrationTests\BookStore.IntegrationTests.csproj", "{6F1C2BCE-2849-4005-83F2-AA429A71D22C}"
EndProject
Global
	GlobalSection(SolutionConfigurationPlatforms) = preSolution
		Debug|Any CPU = Debug|Any CPU
		Debug|x64 = Debug|x64
		Debug|x86 = Debug|x86
		Release|Any CPU = Release|Any CPU
		Release|x64 = Release|x64
		Release|x86 = Release|x86
	EndGlobalSection
	GlobalSection(ProjectConfigurationPlatforms) = postSolution
		{DFC21769-0DE1-42E9-8E9A-91489309BDE9}.Debug|Any CPU.ActiveCfg = Debug|Any CPU
		{DFC21769-0DE1-42E9-8E9A-91489309BDE9}.Debug|Any CPU.Build.0 = Debug|Any CPU
		{DFC21769-0DE1-42E9-8E9A-91489309BDE9}.Debug|x64.ActiveCfg = Debug|Any CPU
		{DFC21769-0DE1-42E9-8E9A-91489309BDE9}.Debug|x64.Build.0 = Debug|Any CPU
		{DFC21769-0DE1-42E9-8E9A-91489309BDE9}.Debug|x86.ActiveCfg = Debug|Any CPU
		{DFC21769-0DE1-42E9-8E9A-91489309BDE9}.Debug|x86.Build.0 = Debug|Any CPU
		{DFC21769-0DE1-42E9-8E9A-91489309BDE9}.Release|Any CPU.ActiveCfg = Release|Any CPU
		{DFC21769-0DE1-42E9-8E9A-91489309BDE9}.Release|Any CPU.Build.0 = Release|Any CPU
		{DFC21769-0DE1-42E9-8E9A-91489309BDE9}.Release|x64.ActiveCfg = Release|Any CPU
		{DFC21769-0DE1-42E9-8E9A-91489309BDE9}.Release|x64.Build.0 = Release|Any CPU
		{DFC21769-0DE1-42E9-8E9A-91489309BDE9}.Release|x86.ActiveCfg = Release|Any CPU
		{DFC21769-0DE1-42E9-8E9A-91489309BDE9}.Release|x86.Build.0 = Release|Any CPU
		{C0BBBACD-0F9F-43A5-8387-283912AF637A}.Debug|Any CPU.ActiveCfg = Debug|Any CPU
		{C0BBBACD-0F9F-43A5-8387-283912AF637A}.Debug|Any CPU.Build.0 = Debug|Any CPU
		{C0BBBACD-0F9F-43A5-8387-283912AF637A}.Debug|x64.ActiveCfg = Debug|Any CPU
		{C0BBBACD-0F9F-43A5-8387-283912AF637A}.Debug|x64.Build.0 = Debug|Any CPU
		{C0BBBACD-0F9F-43A5-8387-283912AF637A}.Debug|x86.ActiveCfg = Debug|Any CPU
		{C0BBBACD-0F9F-43A5-8387-283912AF637A}.Debug|x86.Build.0 = Debug|Any CPU
		{C0BBBACD-0F9F-43A5-8387-283912AF637A}.Release|Any CPU.ActiveCfg = Release|Any CPU
		{C0BBBACD-0F9F-43A5-8387-283912AF637A}.Release|Any CPU.Build.0 = Release|Any CPU
		{C0BBBACD-0F9F-43A5-8387-283912AF637A}.Release|x64.ActiveCfg = Release|Any CPU
		{C0BBBACD-0F9F-43A5-8387-283912AF637A}.Release|x64.Build.0 = Release|Any CPU
		{C0BBBACD-0F9F-43A5-8387-283912AF637A}.Release|x86.ActiveCfg = Release|Any CPU
		{C0BBBACD-0F9F-43A5-8387-283912AF637A}.Release|x86.Build.0 = Release|Any CPU
		{FA3FDC83-EB88-4274-A437-8F131688EA93}.Debug|Any CPU.ActiveCfg = Debug|Any CPU
		{FA3FDC83-EB88-4274-A437-8F131688EA93}.Debug|Any CPU.Build.0 = Debug|Any CPU
		{FA3FDC83-EB88-4274-A437-8F131688EA93}.Debug|x64.ActiveCfg = Debug|Any CPU
		{FA3FDC83-EB88-4274-A437-8F131688EA93}.Debug|x64.Build.0 = Debug|Any CPU
		{FA3FDC83-EB88-4274-A437-8F131688EA93}.Debug|x86.ActiveCfg = Debug|Any CPU
		{FA3FDC83-EB88-4274-A437-8F131688EA93}.Debug|x86.Build.0 = Debug|Any CPU
		{FA3FDC83-EB88-4274-A437-8F131688EA93}.Release|Any CPU.ActiveCfg = Release|Any CPU
		{FA3FDC83-EB88-4274-A437-8F131688EA93}.Release|Any CPU.Build.0 = Release|Any CPU
		{FA3FDC83-EB88-4274-A437-8F131688EA93}.Release|x64.ActiveCfg = Release|Any CPU
		{FA3FDC83-EB88-4274-A437-8F131688EA93}.Release|x64.Build.0 = Release|Any CPU
		{FA3FDC83-EB88-4274-A437-8F131688EA93}.Release|x86.ActiveCfg = Release|Any CPU
		{FA3FDC83-EB88-4274-A437-8F131688EA93}.Release|x86.Build.0 = Release|Any CPU
		{623C31EE-7584-4F81-8688-2AF140114775}.Debug|Any CPU.ActiveCfg = Debug|Any CPU
		{623C31EE-7584-4F81-8688-2AF140114775}.Debug|Any CPU.Build.0 = Debug|Any CPU
		{623C31EE-7584-4F81-8688-2AF140114775}.Debug|x64.ActiveCfg = Debug|Any CPU
		{623C31EE-7584-4F81-8688-2AF140114775}.Debug|x64.Build.0 = Debug|Any CPU
		{623C31EE-7584-4F81-8688-2AF140114775}.Debug|x86.ActiveCfg = Debug|Any CPU
		{623C31EE-7584-4F81-8688-2AF140114775}.Debug|x86.Build.0 = Debug|Any CPU
		{623C31EE-7584-4F81-8688-2AF140114775}.Release|Any CPU.ActiveCfg = Release|Any CPU
		{623C31EE-7584-4F81-8688-2AF140114775}.Release|Any CPU.Build.0 = Release|Any CPU
		{623C31EE-7584-4F81-8688-2AF140114775}.Release|x64.ActiveCfg = Release|Any CPU
		{623C31EE-7584-4F81-8688-2AF140114775}.Release|x64.Build.0 = Release|Any CPU
		{623C31EE-7584-4F81-8688-2AF140114775}.Release|x86.ActiveCfg = Release|Any CPU
		{623C31EE-7584-4F81-8688-2AF140114775}.Release|x86.Build.0 = Release|Any CPU
		{9227D564-C10C-44D4-BD28-B8159F2F577E}.Debug|Any CPU.ActiveCfg = Debug|Any CPU
		{9227D564-C10C-44D4-BD28-B8159F2F577E}.Debug|Any CPU.Build.0 = Debug|Any CPU
		{9227D564-C10C-44D4-BD28-B8159F2F577E}.Debug|x64.ActiveCfg = Debug|Any CPU
		{9227D564-C10C-44D4-BD28-B8159F2F577E}.Debug|x64.Build.0 = Debug|Any CPU
		{9227D564-C10C-44D4-BD28-B8159F2F577E}.Debug|x86.ActiveCfg = Debug|Any CPU
		{9227D564-C10C-44D4-BD28-B8159F2F577E}.Debug|x86.Build.0 = Debug|Any CPU
		{9227D564-C10C-44D4-BD28-B8159F2F577E}.Release|Any CPU.ActiveCfg = Release|Any CPU
		{9227D564-C10C-44D4-BD28-B8159F2F577E}.Release|Any CPU.Build.0 = Release|Any CPU
		{9227D564-C10C-44D4-BD28-B8159F2F577E}.Release|x64.ActiveCfg = Release|Any CPU
		{9227D564-C10C-44D4-BD28-B8159F2F577E}.Release|x64.Build.0 = Release|Any CPU
		{9227D564-C10C-44D4-BD28-B8159F2F577E}.Release|x86.ActiveCfg = Release|Any CPU
		{9227D564-C10C-44D4-BD28-B8159F2F577E}.Release|x86.Build.0 = Release|Any CPU
		{6F1C2BCE-2849-4005-83F2-AA429A71D22C}.Debug|Any CPU.ActiveCfg = Debug|Any CPU
		{6F1C2BCE-2849-4005-83F2-AA429A71D22C}.Debug|Any CPU.Build.0 = Debug|Any CPU
		{6F1C2BCE-2849-4005-83F2-AA429A71D22C}.Debug|x64.ActiveCfg = Debug|Any CPU
		{6F1C2BCE-2849-4005-83F2-AA429A71D22C}.Debug|x64.Build.0 = Debug|Any CPU
		{6F1C2BCE-2849-4005-83F2-AA429A71D22C}.Debug|x86.ActiveCfg = Debug|Any CPU
		{6F1C2BCE-2849-4005-83F2-AA429A71D22C}.Debug|x86.Build.0 = Debug|Any CPU
		{6F1C2BCE-2849-4005-83F2-AA429A71D22C}.Release|Any CPU.ActiveCfg = Release|Any CPU
		{6F1C2BCE-2849-4005-83F2-AA429A71D22C}.Release|Any CPU.Build.0 = Release|Any CPU
		{6F1C2BCE-2849-4005-83F2-AA429A71D22C}.Release|x64.ActiveCfg = Release|Any CPU
		{6F1C2BCE-2849-4005-83F2-AA429A71D22C}.Release|x64.Build.0 = Release|Any CPU
		{6F1C2BCE-2849-4005-83F2-AA429A71D22C}.Release|x86.ActiveCfg = Release|Any CPU
		{6F1C2BCE-2849-4005-83F2-AA429A71D22C}.Release|x86.Build.0 = Release|Any CPU
	EndGlobalSection
	GlobalSection(SolutionProperties) = preSolution
		HideSolutionNode = FALSE
	EndGlobalSection
	GlobalSection(NestedProjects) = preSolution
		{DFC21769-0DE1-42E9-8E9A-91489309BDE9} = {827E0CD3-B72D-47B6-A68D-7590B98EB39B}
		{C0BBBACD-0F9F-43A5-8387-283912AF637A} = {827E0CD3-B72D-47B6-A68D-7590B98EB39B}
		{FA3FDC83-EB88-4274-A437-8F131688EA93} = {827E0CD3-B72D-47B6-A68D-7590B98EB39B}
		{623C31EE-7584-4F81-8688-2AF140114775} = {827E0CD3-B72D-47B6-A68D-7590B98EB39B}
		{9227D564-C10C-44D4-BD28-B8159F2F577E} = {0AB3BF05-4346-4AA6-1389-037BE0695223}
		{6F1C2BCE-2849-4005-83F2-AA429A71D22C} = {0AB3BF05-4346-4AA6-1389-037BE0695223}
	EndGlobalSection
EndGlobal
